
Microsoft Visual Studio Solution File, Format Version 12.00
# Visual Studio Version 16
VisualStudioVersion = 16.0.30523.141
MinimumVisualStudioVersion = 10.0.40219.1
Project("{8BC9CEB8-8B4A-11D0-8D11-00A0C91BC942}") = "Capicua", "Capicua\Capicua.vcxproj", "{25076CEA-C82D-4D42-A588-D592AB8ABB11}"
EndProject
Global
	GlobalSection(SolutionConfigurationPlatforms) = preSolution
		Debug|x64 = Debug|x64
		Debug|x86 = Debug|x86
		Release|x64 = Release|x64
		Release|x86 = Release|x86
	EndGlobalSection
	GlobalSection(ProjectConfigurationPlatforms) = postSolution
		{25076CEA-C82D-4D42-A588-D592AB8ABB11}.Debug|x64.ActiveCfg = Debug|x64
		{25076CEA-C82D-4D42-A588-D592AB8ABB11}.Debug|x64.Build.0 = Debug|x64
		{25076CEA-C82D-4D42-A588-D592AB8ABB11}.Debug|x86.ActiveCfg = Debug|Win32
		{25076CEA-C82D-4D42-A588-D592AB8ABB11}.Debug|x86.Build.0 = Debug|Win32
		{25076CEA-C82D-4D42-A588-D592AB8ABB11}.Release|x64.ActiveCfg = Release|x64
		{25076CEA-C82D-4D42-A588-D592AB8ABB11}.Release|x64.Build.0 = Release|x64
		{25076CEA-C82D-4D42-A588-D592AB8ABB11}.Release|x86.ActiveCfg = Release|Win32
		{25076CEA-C82D-4D42-A588-D592AB8ABB11}.Release|x86.Build.0 = Release|Win32
	EndGlobalSection
	GlobalSection(SolutionProperties) = preSolution
		HideSolutionNode = FALSE
	EndGlobalSection
	GlobalSection(ExtensibilityGlobals) = postSolution
		SolutionGuid = {27B55B08-CA5E-43A2-AE1F-8D88B67A944E}
	EndGlobalSection
EndGlobal
